
Microsoft Visual Studio Solution File, Format Version 12.00
# Visual Studio Version 16
VisualStudioVersion = 16.0.29911.84
MinimumVisualStudioVersion = 10.0.40219.1
Project("{9A19103F-16F7-4668-BE54-9A1E7A4F7556}") = "SpaceSpinach", "SpaceSpinach\SpaceSpinach.csproj", "{42B73D8B-FD23-4870-8721-E199DCC4DB07}"
EndProject
Global
	GlobalSection(SolutionConfigurationPlatforms) = preSolution
		Debug|Any CPU = Debug|Any CPU
		Release|Any CPU = Release|Any CPU
	EndGlobalSection
	GlobalSection(ProjectConfigurationPlatforms) = postSolution
		{42B73D8B-FD23-4870-8721-E199DCC4DB07}.Debug|Any CPU.ActiveCfg = Debug|Any CPU
		{42B73D8B-FD23-4870-8721-E199DCC4DB07}.Debug|Any CPU.Build.0 = Debug|Any CPU
		{42B73D8B-FD23-4870-8721-E199DCC4DB07}.Release|Any CPU.ActiveCfg = Release|Any CPU
		{42B73D8B-FD23-4870-8721-E199DCC4DB07}.Release|Any CPU.Build.0 = Release|Any CPU
	EndGlobalSection
	GlobalSection(SolutionProperties) = preSolution
		HideSolutionNode = FALSE
	EndGlobalSection
	GlobalSection(ExtensibilityGlobals) = postSolution
		SolutionGuid = {51A40EBE-18EB-4572-AC7B-135287FD7A3E}
	EndGlobalSection
EndGlobal
